{
  "name": "prolib",
  "version": "1.0.0",
  "lockfileVersion": 1,
  "requires": true,
  "dependencies": {
    "@types/estree": {
      "version": "0.0.42",
      "resolved": "https://registry.npm.taobao.org/@types/estree/download/@types/estree-0.0.42.tgz",
      "integrity": "sha1-jQwfSAM57+2z5GBw4i3WPgQw3RE=",
      "dev": true
    },
    "@types/node": {
      "version": "13.7.4",
      "resolved": "https://registry.npm.taobao.org/@types/node/download/@types/node-13.7.4.tgz",
      "integrity": "sha1-dsPLOhKQlRD1Ll3ASmKYzflQT/0=",
      "dev": true
    },
    "acorn": {
      "version": "7.1.0",
      "resolved": "https://registry.npm.taobao.org/acorn/download/acorn-7.1.0.tgz?cache=0&other_urls=https%3A%2F%2Fregistry.npm.taobao.org%2Facorn%2Fdownload%2Facorn-7.1.0.tgz",
      "integrity": "sha1-lJ028sKSU12mAig1hsJHfFfrLWw=",
      "dev": true
    },
    "rollup": {
      "version": "1.31.1",
      "resolved": "https://registry.npm.taobao.org/rollup/download/rollup-1.31.1.tgz?cache=0&other_urls=https%3A%2F%2Fregistry.npm.taobao.org%2Frollup%2Fdownload%2Frollup-1.31.1.tgz",
      "integrity": "sha1-QXDW+HFI1G5fvim0k/jz6jRTyW8=",
      "dev": true,
      "requires": {
        "@types/estree": "*",
        "@types/node": "*",
        "acorn": "^7.1.0"
      }
    }
  }
}
